{
    "version": 3,
    "terraform_version": "0.9.2",
    "serial": 0,
    "lineage": "60ae6016-0c4d-4421-a87b-748613e03dc9",
    "modules": [
        {
            "path": [
                "root"
            ],
            "outputs": {},
            "resources": {
                "aws_instance.simple": {
                    "type": "aws_instance",
                    "depends_on": [],
                    "primary": {
                        "id": "i-0df9487a7eb151059",
                        "attributes": {
                            "ami": "ami-a8d2d7ce",
                            "associate_public_ip_address": "true",
                            "availability_zone": "eu-west-1c",
                            "disable_api_termination": "false",
                            "ebs_block_device.#": "0",
                            "ebs_optimized": "false",
                            "ephemeral_block_device.#": "0",
                            "iam_instance_profile": "",
                            "id": "i-0df9487a7eb151059",
                            "instance_state": "running",
                            "instance_type": "t2.micro",
                            "ipv6_address_count": "0",
                            "ipv6_addresses.#": "0",
                            "key_name": "",
                            "monitoring": "false",
                            "network_interface_id": "eni-84a344c7",
                            "private_dns": "ip-172-31-16-134.eu-west-1.compute.internal",
                            "private_ip": "172.31.16.134",
                            "public_dns": "ec2-54-72-243-229.eu-west-1.compute.amazonaws.com",
                            "public_ip": "54.72.243.229",
                            "root_block_device.#": "1",
                            "root_block_device.0.delete_on_termination": "true",
                            "root_block_device.0.iops": "100",
                            "root_block_device.0.volume_size": "8",
                            "root_block_device.0.volume_type": "gp2",
                            "security_groups.#": "0",
                            "source_dest_check": "true",
                            "subnet_id": "subnet-bda85acb",
                            "tags.%": "0",
                            "tenancy": "default",
                            "vpc_security_group_ids.#": "1",
                            "vpc_security_group_ids.1103747727": "sg-cfa05ca8"
                        },
                        "meta": {
                            "schema_version": "1"
                        },
                        "tainted": false
                    },
                    "deposed": [],
                    "provider": ""
                }
            },
            "depends_on": []
        }
    ]
}
