{
  "name": "blog",
  "version": "1.0.0",
  "lockfileVersion": 2,
  "requires": true,
  "packages": {
    "": {
      "name": "blog",
      "version": "1.0.0",
      "devDependencies": {
        "markdownlint": "^0.23.1",
        "markdownlint-cli2": "^0.1.3",
        "pre-commit": "^1.2.2"
      }
    },
    "node_modules/@nodelib/fs.scandir": {
      "version": "2.1.4",
      "resolved": "https://gppday85artifactory.jfrog.io/artifactory/api/npm/npm/@nodelib/fs.scandir/-/fs.scandir-2.1.4.tgz",
      "integrity": "sha1-1LNUml213iaD4MEHGrTxQJBLv2k=",
      "dev": true,
      "license": "MIT",
      "dependencies": {
        "@nodelib/fs.stat": "2.0.4",
        "run-parallel": "^1.1.9"
      },
      "engines": {
        "node": ">= 8"
      }
    },
    "node_modules/@nodelib/fs.stat": {
      "version": "2.0.4",
      "resolved": "https://gppday85artifactory.jfrog.io/artifactory/api/npm/npm/@nodelib/fs.stat/-/fs.stat-2.0.4.tgz",
      "integrity": "sha1-o/LdYbq0O424+hCKEhz//kxnZlU=",
      "dev": true,
      "license": "MIT",
      "engines": {
        "node": ">= 8"
      }
    },
    "node_modules/@nodelib/fs.walk": {
      "version": "1.2.6",
      "resolved": "https://gppday85artifactory.jfrog.io/artifactory/api/npm/npm/@nodelib/fs.walk/-/fs.walk-1.2.6.tgz",
      "integrity": "sha1-zOk5azCqWv6eN1Zgj1gxrctT0GM=",
      "dev": true,
      "license": "MIT",
      "dependencies": {
        "@nodelib/fs.scandir": "2.1.4",
        "fastq": "^1.6.0"
      },
      "engines": {
        "node": ">= 8"
      }
    },
    "node_modules/argparse": {
      "version": "2.0.1",
      "resolved": "https://gppday85artifactory.jfrog.io/artifactory/api/npm/npm/argparse/-/argparse-2.0.1.tgz",
      "integrity": "sha1-JG9Q88p4oyQPbJl+ipvR6sSeSzg=",
      "dev": true,
      "license": "Python-2.0"
    },
    "node_modules/array-union": {
      "version": "2.1.0",
      "resolved": "https://gppday85artifactory.jfrog.io/artifactory/api/npm/npm/array-union/-/array-union-2.1.0.tgz",
      "integrity": "sha1-t5hCCtvrHego2ErNii4j0+/oXo0=",
      "dev": true,
      "license": "MIT",
      "engines": {
        "node": ">=8"
      }
    },
    "node_modules/braces": {
      "version": "3.0.2",
      "resolved": "https://gppday85artifactory.jfrog.io/artifactory/api/npm/npm/braces/-/braces-3.0.2.tgz",
      "integrity": "sha1-NFThpGLujVmeI23zNs2epPiv4Qc=",
      "dev": true,
      "license": "MIT",
      "dependencies": {
        "fill-range": "^7.0.1"
      },
      "engines": {
        "node": ">=8"
      }
    },
    "node_modules/buffer-from": {
      "version": "1.1.1",
      "resolved": "https://gppday85artifactory.jfrog.io/artifactory/api/npm/npm/buffer-from/-/buffer-from-1.1.1.tgz",
      "integrity": "sha1-MnE7wCj3XAL9txDXx7zsHyxgcO8=",
      "dev": true,
      "license": "MIT"
    },
    "node_modules/concat-stream": {
      "version": "1.6.2",
      "resolved": "https://gppday85artifactory.jfrog.io/artifactory/api/npm/npm/concat-stream/-/concat-stream-1.6.2.tgz",
      "integrity": "sha1-kEvfGUzTEi/Gdcd/xKw9T/D9GjQ=",
      "dev": true,
      "engines": [
        "node >= 0.8"
      ],
      "license": "MIT",
      "dependencies": {
        "buffer-from": "^1.0.0",
        "inherits": "^2.0.3",
        "readable-stream": "^2.2.2",
        "typedarray": "^0.0.6"
      }
    },
    "node_modules/core-util-is": {
      "version": "1.0.2",
      "resolved": "https://gppday85artifactory.jfrog.io/artifactory/api/npm/npm/core-util-is/-/core-util-is-1.0.2.tgz",
      "integrity": "sha1-tf1UIgqivFq1eqtxQMlAdUUDwac=",
      "dev": true,
      "license": "MIT"
    },
    "node_modules/cross-spawn": {
      "version": "5.1.0",
      "resolved": "https://gppday85artifactory.jfrog.io/artifactory/api/npm/npm/cross-spawn/-/cross-spawn-5.1.0.tgz",
      "integrity": "sha1-6L0O/uWPz/b4+UUQoKVUu/ojVEk=",
      "dev": true,
      "license": "MIT",
      "dependencies": {
        "lru-cache": "^4.0.1",
        "shebang-command": "^1.2.0",
        "which": "^1.2.9"
      }
    },
    "node_modules/dir-glob": {
      "version": "3.0.1",
      "resolved": "https://gppday85artifactory.jfrog.io/artifactory/api/npm/npm/dir-glob/-/dir-glob-3.0.1.tgz",
      "integrity": "sha1-Vtv3PZkqSpO6FYT0U0Bj/S5BcX8=",
      "dev": true,
      "license": "MIT",
      "dependencies": {
        "path-type": "^4.0.0"
      },
      "engines": {
        "node": ">=8"
      }
    },
    "node_modules/entities": {
      "version": "2.1.0",
      "resolved": "https://gppday85artifactory.jfrog.io/artifactory/api/npm/npm/entities/-/entities-2.1.0.tgz",
      "integrity": "sha1-mS0xKc999ocLlsV4WMJJoSD4uLU=",
      "dev": true,
      "license": "BSD-2-Clause",
      "funding": {
        "url": "https://github.com/fb55/entities?sponsor=1"
      }
    },
    "node_modules/fast-glob": {
      "version": "3.2.5",
      "resolved": "https://gppday85artifactory.jfrog.io/artifactory/api/npm/npm/fast-glob/-/fast-glob-3.2.5.tgz",
      "integrity": "sha1-eTmvKmVt55pPGQGQPuityqfLlmE=",
      "dev": true,
      "license": "MIT",
      "dependencies": {
        "@nodelib/fs.stat": "^2.0.2",
        "@nodelib/fs.walk": "^1.2.3",
        "glob-parent": "^5.1.0",
        "merge2": "^1.3.0",
        "micromatch": "^4.0.2",
        "picomatch": "^2.2.1"
      },
      "engines": {
        "node": ">=8"
      }
    },
    "node_modules/fastq": {
      "version": "1.11.0",
      "resolved": "https://gppday85artifactory.jfrog.io/artifactory/api/npm/npm/fastq/-/fastq-1.11.0.tgz",
      "integrity": "sha1-u5+5VaBxMKkY62PB9RYcwypdCFg=",
      "dev": true,
      "license": "ISC",
      "dependencies": {
        "reusify": "^1.0.4"
      }
    },
    "node_modules/fill-range": {
      "version": "7.0.1",
      "resolved": "https://gppday85artifactory.jfrog.io/artifactory/api/npm/npm/fill-range/-/fill-range-7.0.1.tgz",
      "integrity": "sha1-GRmmp8df44ssfHflGYU12prN2kA=",
      "dev": true,
      "license": "MIT",
      "dependencies": {
        "to-regex-range": "^5.0.1"
      },
      "engines": {
        "node": ">=8"
      }
    },
    "node_modules/glob-parent": {
      "version": "5.1.2",
      "resolved": "https://gppday85artifactory.jfrog.io/artifactory/api/npm/npm/glob-parent/-/glob-parent-5.1.2.tgz",
      "integrity": "sha1-hpgyxYA0/mikCTwX3BXoNA2EAcQ=",
      "dev": true,
      "license": "ISC",
      "dependencies": {
        "is-glob": "^4.0.1"
      },
      "engines": {
        "node": ">= 6"
      }
    },
    "node_modules/globby": {
      "version": "11.0.3",
      "resolved": "https://gppday85artifactory.jfrog.io/artifactory/api/npm/npm/globby/-/globby-11.0.3.tgz",
      "integrity": "sha1-mx8MtSPhcd0a2MeyqftLZEuVk8s=",
      "dev": true,
      "license": "MIT",
      "dependencies": {
        "array-union": "^2.1.0",
        "dir-glob": "^3.0.1",
        "fast-glob": "^3.1.1",
        "ignore": "^5.1.4",
        "merge2": "^1.3.0",
        "slash": "^3.0.0"
      },
      "engines": {
        "node": ">=10"
      },
      "funding": {
        "url": "https://github.com/sponsors/sindresorhus"
      }
    },
    "node_modules/ignore": {
      "version": "5.1.8",
      "resolved": "https://gppday85artifactory.jfrog.io/artifactory/api/npm/npm/ignore/-/ignore-5.1.8.tgz",
      "integrity": "sha1-8VCotQo0KJsz4i9YiavU2AFvDlc=",
      "dev": true,
      "license": "MIT",
      "engines": {
        "node": ">= 4"
      }
    },
    "node_modules/inherits": {
      "version": "2.0.4",
      "resolved": "https://gppday85artifactory.jfrog.io/artifactory/api/npm/npm/inherits/-/inherits-2.0.4.tgz",
      "integrity": "sha1-D6LGT5MpF8NDOg3tVTY6rjdBa3w=",
      "dev": true,
      "license": "ISC"
    },
    "node_modules/is-extglob": {
      "version": "2.1.1",
      "resolved": "https://gppday85artifactory.jfrog.io/artifactory/api/npm/npm/is-extglob/-/is-extglob-2.1.1.tgz",
      "integrity": "sha1-qIwCU1eR8C7TfHahueqXc8gz+MI=",
      "dev": true,
      "license": "MIT",
      "engines": {
        "node": ">=0.10.0"
      }
    },
    "node_modules/is-glob": {
      "version": "4.0.1",
      "resolved": "https://gppday85artifactory.jfrog.io/artifactory/api/npm/npm/is-glob/-/is-glob-4.0.1.tgz",
      "integrity": "sha1-dWfb6fL14kZ7x3q4PEopSCQHpdw=",
      "dev": true,
      "license": "MIT",
      "dependencies": {
        "is-extglob": "^2.1.1"
      },
      "engines": {
        "node": ">=0.10.0"
      }
    },
    "node_modules/is-number": {
      "version": "7.0.0",
      "resolved": "https://gppday85artifactory.jfrog.io/artifactory/api/npm/npm/is-number/-/is-number-7.0.0.tgz",
      "integrity": "sha1-dTU0W4lnNNX4DE0GxQlVUnoU8Ss=",
      "dev": true,
      "license": "MIT",
      "engines": {
        "node": ">=0.12.0"
      }
    },
    "node_modules/isarray": {
      "version": "1.0.0",
      "resolved": "https://gppday85artifactory.jfrog.io/artifactory/api/npm/npm/isarray/-/isarray-1.0.0.tgz",
      "integrity": "sha1-u5NdSFgsuhaMBoNJV6VKPgcSTxE=",
      "dev": true,
      "license": "MIT"
    },
    "node_modules/isexe": {
      "version": "2.0.0",
      "resolved": "https://gppday85artifactory.jfrog.io/artifactory/api/npm/npm/isexe/-/isexe-2.0.0.tgz",
      "integrity": "sha1-6PvzdNxVb/iUehDcsFctYz8s+hA=",
      "dev": true,
      "license": "ISC"
    },
    "node_modules/linkify-it": {
      "version": "3.0.2",
      "resolved": "https://gppday85artifactory.jfrog.io/artifactory/api/npm/npm/linkify-it/-/linkify-it-3.0.2.tgz",
      "integrity": "sha1-9V7ri8HTrnVASeEkqzu1bZd5f7g=",
      "dev": true,
      "license": "MIT",
      "dependencies": {
        "uc.micro": "^1.0.1"
      }
    },
    "node_modules/lru-cache": {
      "version": "4.1.5",
      "resolved": "https://gppday85artifactory.jfrog.io/artifactory/api/npm/npm/lru-cache/-/lru-cache-4.1.5.tgz",
      "integrity": "sha1-i75Q6oW+1ZvJ4z3KuCNe6bz0Q80=",
      "dev": true,
      "license": "ISC",
      "dependencies": {
        "pseudomap": "^1.0.2",
        "yallist": "^2.1.2"
      }
    },
    "node_modules/markdown-it": {
      "version": "12.0.4",
      "resolved": "https://gppday85artifactory.jfrog.io/artifactory/api/npm/npm/markdown-it/-/markdown-it-12.0.4.tgz",
      "integrity": "sha1-7sgkfSljJ+rDupdGve7Jz8x1HjM=",
      "dev": true,
      "license": "MIT",
      "dependencies": {
        "argparse": "^2.0.1",
        "entities": "~2.1.0",
        "linkify-it": "^3.0.1",
        "mdurl": "^1.0.1",
        "uc.micro": "^1.0.5"
      },
      "bin": {
        "markdown-it": "bin/markdown-it.js"
      }
    },
    "node_modules/markdownlint": {
      "version": "0.23.1",
      "resolved": "https://gppday85artifactory.jfrog.io/artifactory/api/npm/npm/markdownlint/-/markdownlint-0.23.1.tgz",
      "integrity": "sha1-mCkrXTQNAenBE/PX+zssz4lijcI=",
      "dev": true,
      "license": "MIT",
      "dependencies": {
        "markdown-it": "12.0.4"
      },
      "engines": {
        "node": ">=10"
      }
    },
    "node_modules/markdownlint-cli2": {
      "version": "0.1.3",
      "resolved": "https://gppday85artifactory.jfrog.io/artifactory/api/npm/npm/markdownlint-cli2/-/markdownlint-cli2-0.1.3.tgz",
      "integrity": "sha1-FawU7ep4FslpePXx3pJW5je2kcU=",
      "dev": true,
      "license": "MIT",
      "dependencies": {
        "globby": "~11.0.3",
        "markdownlint": "~0.23.1",
        "markdownlint-cli2-formatter-default": "^0.0.2",
        "markdownlint-rule-helpers": "~0.14.0",
        "micromatch": "~4.0.2",
        "strip-json-comments": "~3.1.1",
        "yaml": "~1.10.2"
      },
      "bin": {
        "markdownlint-cli2": "markdownlint-cli2.js",
        "markdownlint-cli2-fix": "markdownlint-cli2-fix.js"
      },
      "engines": {
        "node": ">=10.17.0"
      }
    },
    "node_modules/markdownlint-cli2-formatter-default": {
      "version": "0.0.2",
      "resolved": "https://gppday85artifactory.jfrog.io/artifactory/api/npm/npm/markdownlint-cli2-formatter-default/-/markdownlint-cli2-formatter-default-0.0.2.tgz",
      "integrity": "sha1-dvGgZNcJZheN/ju0ia+UI9gwynk=",
      "dev": true,
      "license": "MIT",
      "peerDependencies": {
        "markdownlint-cli2": ">=0.0.4"
      }
    },
    "node_modules/markdownlint-rule-helpers": {
      "version": "0.14.0",
      "resolved": "https://gppday85artifactory.jfrog.io/artifactory/api/npm/npm/markdownlint-rule-helpers/-/markdownlint-rule-helpers-0.14.0.tgz",
      "integrity": "sha1-TQ4a4yDoVVnYy+0UkJNIVXkWJ7s=",
      "dev": true,
      "license": "MIT"
    },
    "node_modules/mdurl": {
      "version": "1.0.1",
      "resolved": "https://gppday85artifactory.jfrog.io/artifactory/api/npm/npm/mdurl/-/mdurl-1.0.1.tgz",
      "integrity": "sha1-/oWy7HWlkDfyrf7BAP1sYBdhFS4=",
      "dev": true,
      "license": "MIT"
    },
    "node_modules/merge2": {
      "version": "1.4.1",
      "resolved": "https://gppday85artifactory.jfrog.io/artifactory/api/npm/npm/merge2/-/merge2-1.4.1.tgz",
      "integrity": "sha1-Q2iJL4hekHRVpv19xVwMnUBJkK4=",
      "dev": true,
      "license": "MIT",
      "engines": {
        "node": ">= 8"
      }
    },
    "node_modules/micromatch": {
      "version": "4.0.4",
      "resolved": "https://gppday85artifactory.jfrog.io/artifactory/api/npm/npm/micromatch/-/micromatch-4.0.4.tgz",
      "integrity": "sha1-iW1Rnf6dsl/OlM63pQCRm/iB6/k=",
      "dev": true,
      "license": "MIT",
      "dependencies": {
        "braces": "^3.0.1",
        "picomatch": "^2.2.3"
      },
      "engines": {
        "node": ">=8.6"
      }
    },
    "node_modules/os-shim": {
      "version": "0.1.3",
      "resolved": "https://gppday85artifactory.jfrog.io/artifactory/api/npm/npm/os-shim/-/os-shim-0.1.3.tgz",
      "integrity": "sha1-a2LDeRz3kJ6jXtRuF2WLtBfLORc=",
      "dev": true,
      "engines": {
        "node": ">= 0.4.0"
      }
    },
    "node_modules/path-type": {
      "version": "4.0.0",
      "resolved": "https://gppday85artifactory.jfrog.io/artifactory/api/npm/npm/path-type/-/path-type-4.0.0.tgz",
      "integrity": "sha1-hO0BwKe6OAr+CdkKjBgNzZ0DBDs=",
      "dev": true,
      "license": "MIT",
      "engines": {
        "node": ">=8"
      }
    },
    "node_modules/picomatch": {
      "version": "2.2.3",
      "resolved": "https://gppday85artifactory.jfrog.io/artifactory/api/npm/npm/picomatch/-/picomatch-2.2.3.tgz",
      "integrity": "sha1-RlVH81nMwgbTxI5Goby4m/fuYZ0=",
      "dev": true,
      "license": "MIT",
      "engines": {
        "node": ">=8.6"
      },
      "funding": {
        "url": "https://github.com/sponsors/jonschlinkert"
      }
    },
    "node_modules/pre-commit": {
      "version": "1.2.2",
      "resolved": "https://gppday85artifactory.jfrog.io/artifactory/api/npm/npm/pre-commit/-/pre-commit-1.2.2.tgz",
      "integrity": "sha1-287g7p3nI15X95xW186UZBpp7sY=",
      "dev": true,
      "hasInstallScript": true,
      "license": "MIT",
      "dependencies": {
        "cross-spawn": "^5.0.1",
        "spawn-sync": "^1.0.15",
        "which": "1.2.x"
      }
    },
    "node_modules/process-nextick-args": {
      "version": "2.0.1",
      "resolved": "https://gppday85artifactory.jfrog.io/artifactory/api/npm/npm/process-nextick-args/-/process-nextick-args-2.0.1.tgz",
      "integrity": "sha1-eCDZsWEgzFXKmud5JoCufbptf+I=",
      "dev": true,
      "license": "MIT"
    },
    "node_modules/pseudomap": {
      "version": "1.0.2",
      "resolved": "https://gppday85artifactory.jfrog.io/artifactory/api/npm/npm/pseudomap/-/pseudomap-1.0.2.tgz",
      "integrity": "sha1-8FKijacOYYkX7wqKw0wa5aaChrM=",
      "dev": true,
      "license": "ISC"
    },
    "node_modules/queue-microtask": {
      "version": "1.2.3",
      "resolved": "https://gppday85artifactory.jfrog.io/artifactory/api/npm/npm/queue-microtask/-/queue-microtask-1.2.3.tgz",
      "integrity": "sha1-SSkii7xyTfrEPg77BYyve2z7YkM=",
      "dev": true,
      "funding": [
        {
          "type": "github",
          "url": "https://github.com/sponsors/feross"
        },
        {
          "type": "patreon",
          "url": "https://www.patreon.com/feross"
        },
        {
          "type": "consulting",
          "url": "https://feross.org/support"
        }
      ],
      "license": "MIT"
    },
    "node_modules/readable-stream": {
      "version": "2.3.7",
      "resolved": "https://gppday85artifactory.jfrog.io/artifactory/api/npm/npm/readable-stream/-/readable-stream-2.3.7.tgz",
      "integrity": "sha1-Hsoc9xGu+BTAT2IlKjamL2yyO1c=",
      "dev": true,
      "license": "MIT",
      "dependencies": {
        "core-util-is": "~1.0.0",
        "inherits": "~2.0.3",
        "isarray": "~1.0.0",
        "process-nextick-args": "~2.0.0",
        "safe-buffer": "~5.1.1",
        "string_decoder": "~1.1.1",
        "util-deprecate": "~1.0.1"
      }
    },
    "node_modules/reusify": {
      "version": "1.0.4",
      "resolved": "https://gppday85artifactory.jfrog.io/artifactory/api/npm/npm/reusify/-/reusify-1.0.4.tgz",
      "integrity": "sha1-kNo4Kx4SbvwCFG6QhFqI2xKSXXY=",
      "dev": true,
      "license": "MIT",
      "engines": {
        "iojs": ">=1.0.0",
        "node": ">=0.10.0"
      }
    },
    "node_modules/run-parallel": {
      "version": "1.2.0",
      "resolved": "https://gppday85artifactory.jfrog.io/artifactory/api/npm/npm/run-parallel/-/run-parallel-1.2.0.tgz",
      "integrity": "sha1-ZtE2jae9+SHrnZW9GpIp5/IaQ+4=",
      "dev": true,
      "funding": [
        {
          "type": "github",
          "url": "https://github.com/sponsors/feross"
        },
        {
          "type": "patreon",
          "url": "https://www.patreon.com/feross"
        },
        {
          "type": "consulting",
          "url": "https://feross.org/support"
        }
      ],
      "license": "MIT",
      "dependencies": {
        "queue-microtask": "^1.2.2"
      }
    },
    "node_modules/safe-buffer": {
      "version": "5.1.2",
      "resolved": "https://gppday85artifactory.jfrog.io/artifactory/api/npm/npm/safe-buffer/-/safe-buffer-5.1.2.tgz",
      "integrity": "sha1-mR7GnSluAxN0fVm9/St0XDX4go0=",
      "dev": true,
      "license": "MIT"
    },
    "node_modules/shebang-command": {
      "version": "1.2.0",
      "resolved": "https://gppday85artifactory.jfrog.io/artifactory/api/npm/npm/shebang-command/-/shebang-command-1.2.0.tgz",
      "integrity": "sha1-RKrGW2lbAzmJaMOfNj/uXer98eo=",
      "dev": true,
      "license": "MIT",
      "dependencies": {
        "shebang-regex": "^1.0.0"
      },
      "engines": {
        "node": ">=0.10.0"
      }
    },
    "node_modules/shebang-regex": {
      "version": "1.0.0",
      "resolved": "https://gppday85artifactory.jfrog.io/artifactory/api/npm/npm/shebang-regex/-/shebang-regex-1.0.0.tgz",
      "integrity": "sha1-2kL0l0DAtC2yypcoVxyxkMmO/qM=",
      "dev": true,
      "license": "MIT",
      "engines": {
        "node": ">=0.10.0"
      }
    },
    "node_modules/slash": {
      "version": "3.0.0",
      "resolved": "https://gppday85artifactory.jfrog.io/artifactory/api/npm/npm/slash/-/slash-3.0.0.tgz",
      "integrity": "sha1-ZTm+hwwWWtvVJAIg2+Nh8bxNRjQ=",
      "dev": true,
      "license": "MIT",
      "engines": {
        "node": ">=8"
      }
    },
    "node_modules/spawn-sync": {
      "version": "1.0.15",
      "resolved": "https://gppday85artifactory.jfrog.io/artifactory/api/npm/npm/spawn-sync/-/spawn-sync-1.0.15.tgz",
      "integrity": "sha1-sAeZVX63+wyDdsKdROih6mfldHY=",
      "dev": true,
      "hasInstallScript": true,
      "license": "MIT",
      "dependencies": {
        "concat-stream": "^1.4.7",
        "os-shim": "^0.1.2"
      }
    },
    "node_modules/string_decoder": {
      "version": "1.1.1",
      "resolved": "https://gppday85artifactory.jfrog.io/artifactory/api/npm/npm/string_decoder/-/string_decoder-1.1.1.tgz",
      "integrity": "sha1-nPFhG6YmhdcDCunkujQUnDrwP8g=",
      "dev": true,
      "license": "MIT",
      "dependencies": {
        "safe-buffer": "~5.1.0"
      }
    },
    "node_modules/strip-json-comments": {
      "version": "3.1.1",
      "resolved": "https://gppday85artifactory.jfrog.io/artifactory/api/npm/npm/strip-json-comments/-/strip-json-comments-3.1.1.tgz",
      "integrity": "sha1-MfEoGzgyYwQ0gxwxDAHMzajL4AY=",
      "dev": true,
      "license": "MIT",
      "engines": {
        "node": ">=8"
      },
      "funding": {
        "url": "https://github.com/sponsors/sindresorhus"
      }
    },
    "node_modules/to-regex-range": {
      "version": "5.0.1",
      "resolved": "https://gppday85artifactory.jfrog.io/artifactory/api/npm/npm/to-regex-range/-/to-regex-range-5.0.1.tgz",
      "integrity": "sha1-FkjESq58jZiKMmAY7XL1tN0DkuQ=",
      "dev": true,
      "license": "MIT",
      "dependencies": {
        "is-number": "^7.0.0"
      },
      "engines": {
        "node": ">=8.0"
      }
    },
    "node_modules/typedarray": {
      "version": "0.0.6",
      "resolved": "https://gppday85artifactory.jfrog.io/artifactory/api/npm/npm/typedarray/-/typedarray-0.0.6.tgz",
      "integrity": "sha1-hnrHTjhkGHsdPUfZlqeOxciDB3c=",
      "dev": true,
      "license": "MIT"
    },
    "node_modules/uc.micro": {
      "version": "1.0.6",
      "resolved": "https://gppday85artifactory.jfrog.io/artifactory/api/npm/npm/uc.micro/-/uc.micro-1.0.6.tgz",
      "integrity": "sha1-nEEagCpAmpH8bPdAgbq6NLJEmaw=",
      "dev": true,
      "license": "MIT"
    },
    "node_modules/util-deprecate": {
      "version": "1.0.2",
      "resolved": "https://gppday85artifactory.jfrog.io/artifactory/api/npm/npm/util-deprecate/-/util-deprecate-1.0.2.tgz",
      "integrity": "sha1-RQ1Nyfpw3nMnYvvS1KKJgUGaDM8=",
      "dev": true,
      "license": "MIT"
    },
    "node_modules/which": {
      "version": "1.2.14",
      "resolved": "https://gppday85artifactory.jfrog.io/artifactory/api/npm/npm/which/-/which-1.2.14.tgz",
      "integrity": "sha1-mofEN48D6CfOyvGs31bHNsAcFOU=",
      "dev": true,
      "license": "ISC",
      "dependencies": {
        "isexe": "^2.0.0"
      },
      "bin": {
        "which": "bin/which"
      }
    },
    "node_modules/yallist": {
      "version": "2.1.2",
      "resolved": "https://gppday85artifactory.jfrog.io/artifactory/api/npm/npm/yallist/-/yallist-2.1.2.tgz",
      "integrity": "sha1-HBH5IY8HYImkfdUS+TxmmaaoHVI=",
      "dev": true,
      "license": "ISC"
    },
    "node_modules/yaml": {
      "version": "1.10.2",
      "resolved": "https://gppday85artifactory.jfrog.io/artifactory/api/npm/npm/yaml/-/yaml-1.10.2.tgz",
      "integrity": "sha1-IwHF/78StGfejaIzOkWeKeeSDks=",
      "dev": true,
      "license": "ISC",
      "engines": {
        "node": ">= 6"
      }
    }
  },
  "dependencies": {
    "@nodelib/fs.scandir": {
      "version": "2.1.4",
      "resolved": "https://gppday85artifactory.jfrog.io/artifactory/api/npm/npm/@nodelib/fs.scandir/-/fs.scandir-2.1.4.tgz",
      "integrity": "sha1-1LNUml213iaD4MEHGrTxQJBLv2k=",
      "dev": true,
      "requires": {
        "@nodelib/fs.stat": "2.0.4",
        "run-parallel": "^1.1.9"
      }
    },
    "@nodelib/fs.stat": {
      "version": "2.0.4",
      "resolved": "https://gppday85artifactory.jfrog.io/artifactory/api/npm/npm/@nodelib/fs.stat/-/fs.stat-2.0.4.tgz",
      "integrity": "sha1-o/LdYbq0O424+hCKEhz//kxnZlU=",
      "dev": true
    },
    "@nodelib/fs.walk": {
      "version": "1.2.6",
      "resolved": "https://gppday85artifactory.jfrog.io/artifactory/api/npm/npm/@nodelib/fs.walk/-/fs.walk-1.2.6.tgz",
      "integrity": "sha1-zOk5azCqWv6eN1Zgj1gxrctT0GM=",
      "dev": true,
      "requires": {
        "@nodelib/fs.scandir": "2.1.4",
        "fastq": "^1.6.0"
      }
    },
    "argparse": {
      "version": "2.0.1",
      "resolved": "https://gppday85artifactory.jfrog.io/artifactory/api/npm/npm/argparse/-/argparse-2.0.1.tgz",
      "integrity": "sha1-JG9Q88p4oyQPbJl+ipvR6sSeSzg=",
      "dev": true
    },
    "array-union": {
      "version": "2.1.0",
      "resolved": "https://gppday85artifactory.jfrog.io/artifactory/api/npm/npm/array-union/-/array-union-2.1.0.tgz",
      "integrity": "sha1-t5hCCtvrHego2ErNii4j0+/oXo0=",
      "dev": true
    },
    "braces": {
      "version": "3.0.2",
      "resolved": "https://gppday85artifactory.jfrog.io/artifactory/api/npm/npm/braces/-/braces-3.0.2.tgz",
      "integrity": "sha1-NFThpGLujVmeI23zNs2epPiv4Qc=",
      "dev": true,
      "requires": {
        "fill-range": "^7.0.1"
      }
    },
    "buffer-from": {
      "version": "1.1.1",
      "resolved": "https://gppday85artifactory.jfrog.io/artifactory/api/npm/npm/buffer-from/-/buffer-from-1.1.1.tgz",
      "integrity": "sha1-MnE7wCj3XAL9txDXx7zsHyxgcO8=",
      "dev": true
    },
    "concat-stream": {
      "version": "1.6.2",
      "resolved": "https://gppday85artifactory.jfrog.io/artifactory/api/npm/npm/concat-stream/-/concat-stream-1.6.2.tgz",
      "integrity": "sha1-kEvfGUzTEi/Gdcd/xKw9T/D9GjQ=",
      "dev": true,
      "requires": {
        "buffer-from": "^1.0.0",
        "inherits": "^2.0.3",
        "readable-stream": "^2.2.2",
        "typedarray": "^0.0.6"
      }
    },
    "core-util-is": {
      "version": "1.0.2",
      "resolved": "https://gppday85artifactory.jfrog.io/artifactory/api/npm/npm/core-util-is/-/core-util-is-1.0.2.tgz",
      "integrity": "sha1-tf1UIgqivFq1eqtxQMlAdUUDwac=",
      "dev": true
    },
    "cross-spawn": {
      "version": "5.1.0",
      "resolved": "https://gppday85artifactory.jfrog.io/artifactory/api/npm/npm/cross-spawn/-/cross-spawn-5.1.0.tgz",
      "integrity": "sha1-6L0O/uWPz/b4+UUQoKVUu/ojVEk=",
      "dev": true,
      "requires": {
        "lru-cache": "^4.0.1",
        "shebang-command": "^1.2.0",
        "which": "^1.2.9"
      }
    },
    "dir-glob": {
      "version": "3.0.1",
      "resolved": "https://gppday85artifactory.jfrog.io/artifactory/api/npm/npm/dir-glob/-/dir-glob-3.0.1.tgz",
      "integrity": "sha1-Vtv3PZkqSpO6FYT0U0Bj/S5BcX8=",
      "dev": true,
      "requires": {
        "path-type": "^4.0.0"
      }
    },
    "entities": {
      "version": "2.1.0",
      "resolved": "https://gppday85artifactory.jfrog.io/artifactory/api/npm/npm/entities/-/entities-2.1.0.tgz",
      "integrity": "sha1-mS0xKc999ocLlsV4WMJJoSD4uLU=",
      "dev": true
    },
    "fast-glob": {
      "version": "3.2.5",
      "resolved": "https://gppday85artifactory.jfrog.io/artifactory/api/npm/npm/fast-glob/-/fast-glob-3.2.5.tgz",
      "integrity": "sha1-eTmvKmVt55pPGQGQPuityqfLlmE=",
      "dev": true,
      "requires": {
        "@nodelib/fs.stat": "^2.0.2",
        "@nodelib/fs.walk": "^1.2.3",
        "glob-parent": "^5.1.0",
        "merge2": "^1.3.0",
        "micromatch": "^4.0.2",
        "picomatch": "^2.2.1"
      }
    },
    "fastq": {
      "version": "1.11.0",
      "resolved": "https://gppday85artifactory.jfrog.io/artifactory/api/npm/npm/fastq/-/fastq-1.11.0.tgz",
      "integrity": "sha1-u5+5VaBxMKkY62PB9RYcwypdCFg=",
      "dev": true,
      "requires": {
        "reusify": "^1.0.4"
      }
    },
    "fill-range": {
      "version": "7.0.1",
      "resolved": "https://gppday85artifactory.jfrog.io/artifactory/api/npm/npm/fill-range/-/fill-range-7.0.1.tgz",
      "integrity": "sha1-GRmmp8df44ssfHflGYU12prN2kA=",
      "dev": true,
      "requires": {
        "to-regex-range": "^5.0.1"
      }
    },
    "glob-parent": {
      "version": "5.1.2",
      "resolved": "https://gppday85artifactory.jfrog.io/artifactory/api/npm/npm/glob-parent/-/glob-parent-5.1.2.tgz",
      "integrity": "sha1-hpgyxYA0/mikCTwX3BXoNA2EAcQ=",
      "dev": true,
      "requires": {
        "is-glob": "^4.0.1"
      }
    },
    "globby": {
      "version": "11.0.3",
      "resolved": "https://gppday85artifactory.jfrog.io/artifactory/api/npm/npm/globby/-/globby-11.0.3.tgz",
      "integrity": "sha1-mx8MtSPhcd0a2MeyqftLZEuVk8s=",
      "dev": true,
      "requires": {
        "array-union": "^2.1.0",
        "dir-glob": "^3.0.1",
        "fast-glob": "^3.1.1",
        "ignore": "^5.1.4",
        "merge2": "^1.3.0",
        "slash": "^3.0.0"
      }
    },
    "ignore": {
      "version": "5.1.8",
      "resolved": "https://gppday85artifactory.jfrog.io/artifactory/api/npm/npm/ignore/-/ignore-5.1.8.tgz",
      "integrity": "sha1-8VCotQo0KJsz4i9YiavU2AFvDlc=",
      "dev": true
    },
    "inherits": {
      "version": "2.0.4",
      "resolved": "https://gppday85artifactory.jfrog.io/artifactory/api/npm/npm/inherits/-/inherits-2.0.4.tgz",
      "integrity": "sha1-D6LGT5MpF8NDOg3tVTY6rjdBa3w=",
      "dev": true
    },
    "is-extglob": {
      "version": "2.1.1",
      "resolved": "https://gppday85artifactory.jfrog.io/artifactory/api/npm/npm/is-extglob/-/is-extglob-2.1.1.tgz",
      "integrity": "sha1-qIwCU1eR8C7TfHahueqXc8gz+MI=",
      "dev": true
    },
    "is-glob": {
      "version": "4.0.1",
      "resolved": "https://gppday85artifactory.jfrog.io/artifactory/api/npm/npm/is-glob/-/is-glob-4.0.1.tgz",
      "integrity": "sha1-dWfb6fL14kZ7x3q4PEopSCQHpdw=",
      "dev": true,
      "requires": {
        "is-extglob": "^2.1.1"
      }
    },
    "is-number": {
      "version": "7.0.0",
      "resolved": "https://gppday85artifactory.jfrog.io/artifactory/api/npm/npm/is-number/-/is-number-7.0.0.tgz",
      "integrity": "sha1-dTU0W4lnNNX4DE0GxQlVUnoU8Ss=",
      "dev": true
    },
    "isarray": {
      "version": "1.0.0",
      "resolved": "https://gppday85artifactory.jfrog.io/artifactory/api/npm/npm/isarray/-/isarray-1.0.0.tgz",
      "integrity": "sha1-u5NdSFgsuhaMBoNJV6VKPgcSTxE=",
      "dev": true
    },
    "isexe": {
      "version": "2.0.0",
      "resolved": "https://gppday85artifactory.jfrog.io/artifactory/api/npm/npm/isexe/-/isexe-2.0.0.tgz",
      "integrity": "sha1-6PvzdNxVb/iUehDcsFctYz8s+hA=",
      "dev": true
    },
    "linkify-it": {
      "version": "3.0.2",
      "resolved": "https://gppday85artifactory.jfrog.io/artifactory/api/npm/npm/linkify-it/-/linkify-it-3.0.2.tgz",
      "integrity": "sha1-9V7ri8HTrnVASeEkqzu1bZd5f7g=",
      "dev": true,
      "requires": {
        "uc.micro": "^1.0.1"
      }
    },
    "lru-cache": {
      "version": "4.1.5",
      "resolved": "https://gppday85artifactory.jfrog.io/artifactory/api/npm/npm/lru-cache/-/lru-cache-4.1.5.tgz",
      "integrity": "sha1-i75Q6oW+1ZvJ4z3KuCNe6bz0Q80=",
      "dev": true,
      "requires": {
        "pseudomap": "^1.0.2",
        "yallist": "^2.1.2"
      }
    },
    "markdown-it": {
      "version": "12.0.4",
      "resolved": "https://gppday85artifactory.jfrog.io/artifactory/api/npm/npm/markdown-it/-/markdown-it-12.0.4.tgz",
      "integrity": "sha1-7sgkfSljJ+rDupdGve7Jz8x1HjM=",
      "dev": true,
      "requires": {
        "argparse": "^2.0.1",
        "entities": "~2.1.0",
        "linkify-it": "^3.0.1",
        "mdurl": "^1.0.1",
        "uc.micro": "^1.0.5"
      }
    },
    "markdownlint": {
      "version": "0.23.1",
      "resolved": "https://gppday85artifactory.jfrog.io/artifactory/api/npm/npm/markdownlint/-/markdownlint-0.23.1.tgz",
      "integrity": "sha1-mCkrXTQNAenBE/PX+zssz4lijcI=",
      "dev": true,
      "requires": {
        "markdown-it": "12.0.4"
      }
    },
    "markdownlint-cli2": {
      "version": "0.1.3",
      "resolved": "https://gppday85artifactory.jfrog.io/artifactory/api/npm/npm/markdownlint-cli2/-/markdownlint-cli2-0.1.3.tgz",
      "integrity": "sha1-FawU7ep4FslpePXx3pJW5je2kcU=",
      "dev": true,
      "requires": {
        "globby": "~11.0.3",
        "markdownlint": "~0.23.1",
        "markdownlint-cli2-formatter-default": "^0.0.2",
        "markdownlint-rule-helpers": "~0.14.0",
        "micromatch": "~4.0.2",
        "strip-json-comments": "~3.1.1",
        "yaml": "~1.10.2"
      }
    },
    "markdownlint-cli2-formatter-default": {
      "version": "0.0.2",
      "resolved": "https://gppday85artifactory.jfrog.io/artifactory/api/npm/npm/markdownlint-cli2-formatter-default/-/markdownlint-cli2-formatter-default-0.0.2.tgz",
      "integrity": "sha1-dvGgZNcJZheN/ju0ia+UI9gwynk=",
      "dev": true,
      "requires": {}
    },
    "markdownlint-rule-helpers": {
      "version": "0.14.0",
      "resolved": "https://gppday85artifactory.jfrog.io/artifactory/api/npm/npm/markdownlint-rule-helpers/-/markdownlint-rule-helpers-0.14.0.tgz",
      "integrity": "sha1-TQ4a4yDoVVnYy+0UkJNIVXkWJ7s=",
      "dev": true
    },
    "mdurl": {
      "version": "1.0.1",
      "resolved": "https://gppday85artifactory.jfrog.io/artifactory/api/npm/npm/mdurl/-/mdurl-1.0.1.tgz",
      "integrity": "sha1-/oWy7HWlkDfyrf7BAP1sYBdhFS4=",
      "dev": true
    },
    "merge2": {
      "version": "1.4.1",
      "resolved": "https://gppday85artifactory.jfrog.io/artifactory/api/npm/npm/merge2/-/merge2-1.4.1.tgz",
      "integrity": "sha1-Q2iJL4hekHRVpv19xVwMnUBJkK4=",
      "dev": true
    },
    "micromatch": {
      "version": "4.0.4",
      "resolved": "https://gppday85artifactory.jfrog.io/artifactory/api/npm/npm/micromatch/-/micromatch-4.0.4.tgz",
      "integrity": "sha1-iW1Rnf6dsl/OlM63pQCRm/iB6/k=",
      "dev": true,
      "requires": {
        "braces": "^3.0.1",
        "picomatch": "^2.2.3"
      }
    },
    "os-shim": {
      "version": "0.1.3",
      "resolved": "https://gppday85artifactory.jfrog.io/artifactory/api/npm/npm/os-shim/-/os-shim-0.1.3.tgz",
      "integrity": "sha1-a2LDeRz3kJ6jXtRuF2WLtBfLORc=",
      "dev": true
    },
    "path-type": {
      "version": "4.0.0",
      "resolved": "https://gppday85artifactory.jfrog.io/artifactory/api/npm/npm/path-type/-/path-type-4.0.0.tgz",
      "integrity": "sha1-hO0BwKe6OAr+CdkKjBgNzZ0DBDs=",
      "dev": true
    },
    "picomatch": {
      "version": "2.2.3",
      "resolved": "https://gppday85artifactory.jfrog.io/artifactory/api/npm/npm/picomatch/-/picomatch-2.2.3.tgz",
      "integrity": "sha1-RlVH81nMwgbTxI5Goby4m/fuYZ0=",
      "dev": true
    },
    "pre-commit": {
      "version": "1.2.2",
      "resolved": "https://gppday85artifactory.jfrog.io/artifactory/api/npm/npm/pre-commit/-/pre-commit-1.2.2.tgz",
      "integrity": "sha1-287g7p3nI15X95xW186UZBpp7sY=",
      "dev": true,
      "requires": {
        "cross-spawn": "^5.0.1",
        "spawn-sync": "^1.0.15",
        "which": "1.2.x"
      }
    },
    "process-nextick-args": {
      "version": "2.0.1",
      "resolved": "https://gppday85artifactory.jfrog.io/artifactory/api/npm/npm/process-nextick-args/-/process-nextick-args-2.0.1.tgz",
      "integrity": "sha1-eCDZsWEgzFXKmud5JoCufbptf+I=",
      "dev": true
    },
    "pseudomap": {
      "version": "1.0.2",
      "resolved": "https://gppday85artifactory.jfrog.io/artifactory/api/npm/npm/pseudomap/-/pseudomap-1.0.2.tgz",
      "integrity": "sha1-8FKijacOYYkX7wqKw0wa5aaChrM=",
      "dev": true
    },
    "queue-microtask": {
      "version": "1.2.3",
      "resolved": "https://gppday85artifactory.jfrog.io/artifactory/api/npm/npm/queue-microtask/-/queue-microtask-1.2.3.tgz",
      "integrity": "sha1-SSkii7xyTfrEPg77BYyve2z7YkM=",
      "dev": true
    },
    "readable-stream": {
      "version": "2.3.7",
      "resolved": "https://gppday85artifactory.jfrog.io/artifactory/api/npm/npm/readable-stream/-/readable-stream-2.3.7.tgz",
      "integrity": "sha1-Hsoc9xGu+BTAT2IlKjamL2yyO1c=",
      "dev": true,
      "requires": {
        "core-util-is": "~1.0.0",
        "inherits": "~2.0.3",
        "isarray": "~1.0.0",
        "process-nextick-args": "~2.0.0",
        "safe-buffer": "~5.1.1",
        "string_decoder": "~1.1.1",
        "util-deprecate": "~1.0.1"
      }
    },
    "reusify": {
      "version": "1.0.4",
      "resolved": "https://gppday85artifactory.jfrog.io/artifactory/api/npm/npm/reusify/-/reusify-1.0.4.tgz",
      "integrity": "sha1-kNo4Kx4SbvwCFG6QhFqI2xKSXXY=",
      "dev": true
    },
    "run-parallel": {
      "version": "1.2.0",
      "resolved": "https://gppday85artifactory.jfrog.io/artifactory/api/npm/npm/run-parallel/-/run-parallel-1.2.0.tgz",
      "integrity": "sha1-ZtE2jae9+SHrnZW9GpIp5/IaQ+4=",
      "dev": true,
      "requires": {
        "queue-microtask": "^1.2.2"
      }
    },
    "safe-buffer": {
      "version": "5.1.2",
      "resolved": "https://gppday85artifactory.jfrog.io/artifactory/api/npm/npm/safe-buffer/-/safe-buffer-5.1.2.tgz",
      "integrity": "sha1-mR7GnSluAxN0fVm9/St0XDX4go0=",
      "dev": true
    },
    "shebang-command": {
      "version": "1.2.0",
      "resolved": "https://gppday85artifactory.jfrog.io/artifactory/api/npm/npm/shebang-command/-/shebang-command-1.2.0.tgz",
      "integrity": "sha1-RKrGW2lbAzmJaMOfNj/uXer98eo=",
      "dev": true,
      "requires": {
        "shebang-regex": "^1.0.0"
      }
    },
    "shebang-regex": {
      "version": "1.0.0",
      "resolved": "https://gppday85artifactory.jfrog.io/artifactory/api/npm/npm/shebang-regex/-/shebang-regex-1.0.0.tgz",
      "integrity": "sha1-2kL0l0DAtC2yypcoVxyxkMmO/qM=",
      "dev": true
    },
    "slash": {
      "version": "3.0.0",
      "resolved": "https://gppday85artifactory.jfrog.io/artifactory/api/npm/npm/slash/-/slash-3.0.0.tgz",
      "integrity": "sha1-ZTm+hwwWWtvVJAIg2+Nh8bxNRjQ=",
      "dev": true
    },
    "spawn-sync": {
      "version": "1.0.15",
      "resolved": "https://gppday85artifactory.jfrog.io/artifactory/api/npm/npm/spawn-sync/-/spawn-sync-1.0.15.tgz",
      "integrity": "sha1-sAeZVX63+wyDdsKdROih6mfldHY=",
      "dev": true,
      "requires": {
        "concat-stream": "^1.4.7",
        "os-shim": "^0.1.2"
      }
    },
    "string_decoder": {
      "version": "1.1.1",
      "resolved": "https://gppday85artifactory.jfrog.io/artifactory/api/npm/npm/string_decoder/-/string_decoder-1.1.1.tgz",
      "integrity": "sha1-nPFhG6YmhdcDCunkujQUnDrwP8g=",
      "dev": true,
      "requires": {
        "safe-buffer": "~5.1.0"
      }
    },
    "strip-json-comments": {
      "version": "3.1.1",
      "resolved": "https://gppday85artifactory.jfrog.io/artifactory/api/npm/npm/strip-json-comments/-/strip-json-comments-3.1.1.tgz",
      "integrity": "sha1-MfEoGzgyYwQ0gxwxDAHMzajL4AY=",
      "dev": true
    },
    "to-regex-range": {
      "version": "5.0.1",
      "resolved": "https://gppday85artifactory.jfrog.io/artifactory/api/npm/npm/to-regex-range/-/to-regex-range-5.0.1.tgz",
      "integrity": "sha1-FkjESq58jZiKMmAY7XL1tN0DkuQ=",
      "dev": true,
      "requires": {
        "is-number": "^7.0.0"
      }
    },
    "typedarray": {
      "version": "0.0.6",
      "resolved": "https://gppday85artifactory.jfrog.io/artifactory/api/npm/npm/typedarray/-/typedarray-0.0.6.tgz",
      "integrity": "sha1-hnrHTjhkGHsdPUfZlqeOxciDB3c=",
      "dev": true
    },
    "uc.micro": {
      "version": "1.0.6",
      "resolved": "https://gppday85artifactory.jfrog.io/artifactory/api/npm/npm/uc.micro/-/uc.micro-1.0.6.tgz",
      "integrity": "sha1-nEEagCpAmpH8bPdAgbq6NLJEmaw=",
      "dev": true
    },
    "util-deprecate": {
      "version": "1.0.2",
      "resolved": "https://gppday85artifactory.jfrog.io/artifactory/api/npm/npm/util-deprecate/-/util-deprecate-1.0.2.tgz",
      "integrity": "sha1-RQ1Nyfpw3nMnYvvS1KKJgUGaDM8=",
      "dev": true
    },
    "which": {
      "version": "1.2.14",
      "resolved": "https://gppday85artifactory.jfrog.io/artifactory/api/npm/npm/which/-/which-1.2.14.tgz",
      "integrity": "sha1-mofEN48D6CfOyvGs31bHNsAcFOU=",
      "dev": true,
      "requires": {
        "isexe": "^2.0.0"
      }
    },
    "yallist": {
      "version": "2.1.2",
      "resolved": "https://gppday85artifactory.jfrog.io/artifactory/api/npm/npm/yallist/-/yallist-2.1.2.tgz",
      "integrity": "sha1-HBH5IY8HYImkfdUS+TxmmaaoHVI=",
      "dev": true
    },
    "yaml": {
      "version": "1.10.2",
      "resolved": "https://gppday85artifactory.jfrog.io/artifactory/api/npm/npm/yaml/-/yaml-1.10.2.tgz",
      "integrity": "sha1-IwHF/78StGfejaIzOkWeKeeSDks=",
      "dev": true
    }
  }
}
